
Microsoft Visual Studio Solution File, Format Version 12.00
# Visual Studio Version 16
VisualStudioVersion = 16.0.30320.27
MinimumVisualStudioVersion = 10.0.40219.1
Project("{9A19103F-16F7-4668-BE54-9A1E7A4F7556}") = "IdentityServer", "IdentityServer\IdentityServer.csproj", "{62445F77-E311-4035-9CC0-4AD01F1DECC6}"
EndProject
Project("{9A19103F-16F7-4668-BE54-9A1E7A4F7556}") = "ApiToBeSecured", "ApiToBeSecured\ApiToBeSecured.csproj", "{582989EE-60E4-49D5-9A2C-21722BF71B5B}"
EndProject
Project("{9A19103F-16F7-4668-BE54-9A1E7A4F7556}") = "IdentityClient", "IdentityClient\IdentityClient.csproj", "{3528430E-3C5F-4D3E-9A04-CD5C10847851}"
EndProject
Project("{9A19103F-16F7-4668-BE54-9A1E7A4F7556}") = "WebAppToBeSecured", "WebAppToBeSecured\WebAppToBeSecured.csproj", "{1D30928C-9EDC-4427-8611-03FA9F0CFB67}"
EndProject
Project("{E24C65DC-7377-472B-9ABA-BC803B73C61A}") = "ecode-shop-angular", "ecode-shop-angular\", "{37E0BBF5-7871-40B2-8AC2-C05FD2518B1D}"
	ProjectSection(WebsiteProperties) = preProject
		TargetFrameworkMoniker = ".NETFramework,Version%3Dv4.0"
		Debug.AspNetCompiler.VirtualPath = "/localhost_61448"
		Debug.AspNetCompiler.PhysicalPath = "ecode-shop-angular\"
		Debug.AspNetCompiler.TargetPath = "PrecompiledWeb\localhost_61448\"
		Debug.AspNetCompiler.Updateable = "true"
		Debug.AspNetCompiler.ForceOverwrite = "true"
		Debug.AspNetCompiler.FixedNames = "false"
		Debug.AspNetCompiler.Debug = "True"
		Release.AspNetCompiler.VirtualPath = "/localhost_61448"
		Release.AspNetCompiler.PhysicalPath = "ecode-shop-angular\"
		Release.AspNetCompiler.TargetPath = "PrecompiledWeb\localhost_61448\"
		Release.AspNetCompiler.Updateable = "true"
		Release.AspNetCompiler.ForceOverwrite = "true"
		Release.AspNetCompiler.FixedNames = "false"
		Release.AspNetCompiler.Debug = "False"
		VWDPort = "61448"
		SlnRelativePath = "ecode-shop-angular\"
	EndProjectSection
EndProject
Project("{9A19103F-16F7-4668-BE54-9A1E7A4F7556}") = "ApiTBS_MediatR", "ApiTBS_MediatR\ApiTBS_MediatR.csproj", "{CECE7116-1318-4E3C-8602-C524B2B15904}"
EndProject
Global
	GlobalSection(SolutionConfigurationPlatforms) = preSolution
		Debug|Any CPU = Debug|Any CPU
		Release|Any CPU = Release|Any CPU
	EndGlobalSection
	GlobalSection(ProjectConfigurationPlatforms) = postSolution
		{62445F77-E311-4035-9CC0-4AD01F1DECC6}.Debug|Any CPU.ActiveCfg = Debug|Any CPU
		{62445F77-E311-4035-9CC0-4AD01F1DECC6}.Debug|Any CPU.Build.0 = Debug|Any CPU
		{62445F77-E311-4035-9CC0-4AD01F1DECC6}.Release|Any CPU.ActiveCfg = Release|Any CPU
		{62445F77-E311-4035-9CC0-4AD01F1DECC6}.Release|Any CPU.Build.0 = Release|Any CPU
		{582989EE-60E4-49D5-9A2C-21722BF71B5B}.Debug|Any CPU.ActiveCfg = Debug|Any CPU
		{582989EE-60E4-49D5-9A2C-21722BF71B5B}.Debug|Any CPU.Build.0 = Debug|Any CPU
		{582989EE-60E4-49D5-9A2C-21722BF71B5B}.Release|Any CPU.ActiveCfg = Release|Any CPU
		{582989EE-60E4-49D5-9A2C-21722BF71B5B}.Release|Any CPU.Build.0 = Release|Any CPU
		{3528430E-3C5F-4D3E-9A04-CD5C10847851}.Debug|Any CPU.ActiveCfg = Debug|Any CPU
		{3528430E-3C5F-4D3E-9A04-CD5C10847851}.Debug|Any CPU.Build.0 = Debug|Any CPU
		{3528430E-3C5F-4D3E-9A04-CD5C10847851}.Release|Any CPU.ActiveCfg = Release|Any CPU
		{3528430E-3C5F-4D3E-9A04-CD5C10847851}.Release|Any CPU.Build.0 = Release|Any CPU
		{1D30928C-9EDC-4427-8611-03FA9F0CFB67}.Debug|Any CPU.ActiveCfg = Debug|Any CPU
		{1D30928C-9EDC-4427-8611-03FA9F0CFB67}.Debug|Any CPU.Build.0 = Debug|Any CPU
		{1D30928C-9EDC-4427-8611-03FA9F0CFB67}.Release|Any CPU.ActiveCfg = Release|Any CPU
		{1D30928C-9EDC-4427-8611-03FA9F0CFB67}.Release|Any CPU.Build.0 = Release|Any CPU
		{37E0BBF5-7871-40B2-8AC2-C05FD2518B1D}.Debug|Any CPU.ActiveCfg = Debug|Any CPU
		{37E0BBF5-7871-40B2-8AC2-C05FD2518B1D}.Release|Any CPU.ActiveCfg = Debug|Any CPU
		{37E0BBF5-7871-40B2-8AC2-C05FD2518B1D}.Release|Any CPU.Build.0 = Debug|Any CPU
		{CECE7116-1318-4E3C-8602-C524B2B15904}.Debug|Any CPU.ActiveCfg = Debug|Any CPU
		{CECE7116-1318-4E3C-8602-C524B2B15904}.Debug|Any CPU.Build.0 = Debug|Any CPU
		{CECE7116-1318-4E3C-8602-C524B2B15904}.Release|Any CPU.ActiveCfg = Release|Any CPU
		{CECE7116-1318-4E3C-8602-C524B2B15904}.Release|Any CPU.Build.0 = Release|Any CPU
	EndGlobalSection
	GlobalSection(SolutionProperties) = preSolution
		HideSolutionNode = FALSE
	EndGlobalSection
	GlobalSection(ExtensibilityGlobals) = postSolution
		SolutionGuid = {0351103D-6F27-4F26-9DE2-A0165EBF43B5}
	EndGlobalSection
EndGlobal
